
Microsoft Visual Studio Solution File, Format Version 12.00
# Visual Studio Version 16
VisualStudioVersion = 16.0.31702.278
MinimumVisualStudioVersion = 10.0.40219.1
Project("{FAE04EC0-301F-11D3-BF4B-00C04F79EFBC}") = "Project4", "Project4\Project4.csproj", "{EE561856-0ACE-4185-A54A-2B322ED5010E}"
EndProject
Global
	GlobalSection(SolutionConfigurationPlatforms) = preSolution
		Debug|Any CPU = Debug|Any CPU
		Release|Any CPU = Release|Any CPU
	EndGlobalSection
	GlobalSection(ProjectConfigurationPlatforms) = postSolution
		{EE561856-0ACE-4185-A54A-2B322ED5010E}.Debug|Any CPU.ActiveCfg = Debug|Any CPU
		{EE561856-0ACE-4185-A54A-2B322ED5010E}.Debug|Any CPU.Build.0 = Debug|Any CPU
		{EE561856-0ACE-4185-A54A-2B322ED5010E}.Release|Any CPU.ActiveCfg = Release|Any CPU
		{EE561856-0ACE-4185-A54A-2B322ED5010E}.Release|Any CPU.Build.0 = Release|Any CPU
	EndGlobalSection
	GlobalSection(SolutionProperties) = preSolution
		HideSolutionNode = FALSE
	EndGlobalSection
	GlobalSection(ExtensibilityGlobals) = postSolution
		SolutionGuid = {E52CC513-714F-45F3-9C51-CE7094CF4A42}
	EndGlobalSection
EndGlobal
